// !$*UTF8*$!
{
	archiveVersion = 1;
	classes = {
	};
	objectVersion = 56;
	objects = {

/* Begin PBXBuildFile section */
		8C11F10B2BE7BA870048DFD0 /* AppDelegate.swift in Sources */ = {isa = PBXBuildFile; fileRef = 8C11F10A2BE7BA870048DFD0 /* AppDelegate.swift */; };
		8C11F10D2BE7BA870048DFD0 /* SceneDelegate.swift in Sources */ = {isa = PBXBuildFile; fileRef = 8C11F10C2BE7BA870048DFD0 /* SceneDelegate.swift */; };
		8C11F10F2BE7BA870048DFD0 /* ViewController.swift in Sources */ = {isa = PBXBuildFile; fileRef = 8C11F10E2BE7BA870048DFD0 /* ViewController.swift */; };
		8C11F1142BE7BA890048DFD0 /* Assets.xcassets in Resources */ = {isa = PBXBuildFile; fileRef = 8C11F1132BE7BA890048DFD0 /* Assets.xcassets */; };
		8C11F1172BE7BA890048DFD0 /* Base in Resources */ = {isa = PBXBuildFile; fileRef = 8C11F1162BE7BA890048DFD0 /* Base */; };
		8C11F1292BE7C48D0048DFD0 /* Presenter.swift in Sources */ = {isa = PBXBuildFile; fileRef = 8C11F1282BE7C48D0048DFD0 /* Presenter.swift */; };
		8C11F12C2BE7C71F0048DFD0 /* SnapKit in Frameworks */ = {isa = PBXBuildFile; productRef = 8C11F12B2BE7C71F0048DFD0 /* SnapKit */; };
		8C11F12E2BE7C71F0048DFD0 /* SnapKit-Dynamic in Frameworks */ = {isa = PBXBuildFile; productRef = 8C11F12D2BE7C71F0048DFD0 /* SnapKit-Dynamic */; };
		8C11F1302BE835480048DFD0 /* TableViewCell.swift in Sources */ = {isa = PBXBuildFile; fileRef = 8C11F12F2BE835480048DFD0 /* TableViewCell.swift */; };
		8C11F1332BE95BA50048DFD0 /* Model.xcdatamodeld in Sources */ = {isa = PBXBuildFile; fileRef = 8C11F1312BE95BA40048DFD0 /* Model.xcdatamodeld */; };
		8C11F1362BE95FBF0048DFD0 /* CoreData Stack.swift in Sources */ = {isa = PBXBuildFile; fileRef = 8C11F1352BE95FBF0048DFD0 /* CoreData Stack.swift */; };
		8C11F1392BE97E650048DFD0 /* UserList+CoreDataClass.swift in Sources */ = {isa = PBXBuildFile; fileRef = 8C11F1372BE97E650048DFD0 /* UserList+CoreDataClass.swift */; };
		8C11F13A2BE97E650048DFD0 /* UserList+CoreDataProperties.swift in Sources */ = {isa = PBXBuildFile; fileRef = 8C11F1382BE97E650048DFD0 /* UserList+CoreDataProperties.swift */; };
/* End PBXBuildFile section */

/* Begin PBXFileReference section */
		8C11F1072BE7BA870048DFD0 /* Project 008. User Database.app */ = {isa = PBXFileReference; explicitFileType = wrapper.application; includeInIndex = 0; path = "Project 008. User Database.app"; sourceTree = BUILT_PRODUCTS_DIR; };
		8C11F10A2BE7BA870048DFD0 /* AppDelegate.swift */ = {isa = PBXFileReference; lastKnownFileType = sourcecode.swift; path = AppDelegate.swift; sourceTree = "<group>"; };
		8C11F10C2BE7BA870048DFD0 /* SceneDelegate.swift */ = {isa = PBXFileReference; lastKnownFileType = sourcecode.swift; path = SceneDelegate.swift; sourceTree = "<group>"; };
		8C11F10E2BE7BA870048DFD0 /* ViewController.swift */ = {isa = PBXFileReference; lastKnownFileType = sourcecode.swift; path = ViewController.swift; sourceTree = "<group>"; };
		8C11F1132BE7BA890048DFD0 /* Assets.xcassets */ = {isa = PBXFileReference; lastKnownFileType = folder.assetcatalog; path = Assets.xcassets; sourceTree = "<group>"; };
		8C11F1162BE7BA890048DFD0 /* Base */ = {isa = PBXFileReference; lastKnownFileType = file.storyboard; name = Base; path = Base.lproj/LaunchScreen.storyboard; sourceTree = "<group>"; };
		8C11F1182BE7BA890048DFD0 /* Info.plist */ = {isa = PBXFileReference; lastKnownFileType = text.plist.xml; path = Info.plist; sourceTree = "<group>"; };
		8C11F1282BE7C48D0048DFD0 /* Presenter.swift */ = {isa = PBXFileReference; lastKnownFileType = sourcecode.swift; path = Presenter.swift; sourceTree = "<group>"; };
		8C11F12F2BE835480048DFD0 /* TableViewCell.swift */ = {isa = PBXFileReference; lastKnownFileType = sourcecode.swift; path = TableViewCell.swift; sourceTree = "<group>"; };
		8C11F1322BE95BA50048DFD0 /* Model001.xcdatamodel */ = {isa = PBXFileReference; lastKnownFileType = wrapper.xcdatamodel; path = Model001.xcdatamodel; sourceTree = "<group>"; };
		8C11F1352BE95FBF0048DFD0 /* CoreData Stack.swift */ = {isa = PBXFileReference; lastKnownFileType = sourcecode.swift; path = "CoreData Stack.swift"; sourceTree = "<group>"; };
		8C11F1372BE97E650048DFD0 /* UserList+CoreDataClass.swift */ = {isa = PBXFileReference; lastKnownFileType = sourcecode.swift; path = "UserList+CoreDataClass.swift"; sourceTree = "<group>"; };
		8C11F1382BE97E650048DFD0 /* UserList+CoreDataProperties.swift */ = {isa = PBXFileReference; lastKnownFileType = sourcecode.swift; path = "UserList+CoreDataProperties.swift"; sourceTree = "<group>"; };
/* End PBXFileReference section */

/* Begin PBXFrameworksBuildPhase section */
		8C11F1042BE7BA870048DFD0 /* Frameworks */ = {
			isa = PBXFrameworksBuildPhase;
			buildActionMask = 2147483647;
			files = (
				8C11F12C2BE7C71F0048DFD0 /* SnapKit in Frameworks */,
				8C11F12E2BE7C71F0048DFD0 /* SnapKit-Dynamic in Frameworks */,
			);
			runOnlyForDeploymentPostprocessing = 0;
		};
/* End PBXFrameworksBuildPhase section */

/* Begin PBXGroup section */
		8C11F0FE2BE7BA870048DFD0 = {
			isa = PBXGroup;
			children = (
				8C11F1092BE7BA870048DFD0 /* Project 008. User Database */,
				8C11F1082BE7BA870048DFD0 /* Products */,
			);
			sourceTree = "<group>";
		};
		8C11F1082BE7BA870048DFD0 /* Products */ = {
			isa = PBXGroup;
			children = (
				8C11F1072BE7BA870048DFD0 /* Project 008. User Database.app */,
			);
			name = Products;
			sourceTree = "<group>";
		};
		8C11F1092BE7BA870048DFD0 /* Project 008. User Database */ = {
			isa = PBXGroup;
			children = (
				8C11F11F2BE7C03F0048DFD0 /* Sources */,
				8C11F11E2BE7C0340048DFD0 /* Resources */,
			);
			path = "Project 008. User Database";
			sourceTree = "<group>";
		};
		8C11F11E2BE7C0340048DFD0 /* Resources */ = {
			isa = PBXGroup;
			children = (
				8C11F1132BE7BA890048DFD0 /* Assets.xcassets */,
				8C11F1152BE7BA890048DFD0 /* LaunchScreen.storyboard */,
				8C11F1182BE7BA890048DFD0 /* Info.plist */,
			);
			path = Resources;
			sourceTree = "<group>";
		};
		8C11F11F2BE7C03F0048DFD0 /* Sources */ = {
			isa = PBXGroup;
			children = (
				8C11F10A2BE7BA870048DFD0 /* AppDelegate.swift */,
				8C11F10C2BE7BA870048DFD0 /* SceneDelegate.swift */,
				8C11F1342BE95FA00048DFD0 /* CoreData Stack */,
				8C11F1202BE7C0A70048DFD0 /* MVP Module */,
			);
			path = Sources;
			sourceTree = "<group>";
		};
		8C11F1202BE7C0A70048DFD0 /* MVP Module */ = {
			isa = PBXGroup;
			children = (
				8C11F1212BE7C0B50048DFD0 /* Model */,
				8C11F1222BE7C0BD0048DFD0 /* View */,
				8C11F1232BE7C0CF0048DFD0 /* Presenter */,
			);
			path = "MVP Module";
			sourceTree = "<group>";
		};
		8C11F1212BE7C0B50048DFD0 /* Model */ = {
			isa = PBXGroup;
			children = (
				8C11F1312BE95BA40048DFD0 /* Model.xcdatamodeld */,
			);
			path = Model;
			sourceTree = "<group>";
		};
		8C11F1222BE7C0BD0048DFD0 /* View */ = {
			isa = PBXGroup;
			children = (
				8C11F10E2BE7BA870048DFD0 /* ViewController.swift */,
				8C11F12F2BE835480048DFD0 /* TableViewCell.swift */,
			);
			path = View;
			sourceTree = "<group>";
		};
		8C11F1232BE7C0CF0048DFD0 /* Presenter */ = {
			isa = PBXGroup;
			children = (
				8C11F1282BE7C48D0048DFD0 /* Presenter.swift */,
			);
			path = Presenter;
			sourceTree = "<group>";
		};
		8C11F1342BE95FA00048DFD0 /* CoreData Stack */ = {
			isa = PBXGroup;
			children = (
				8C11F13B2BE97EBE0048DFD0 /* UserList */,
				8C11F1352BE95FBF0048DFD0 /* CoreData Stack.swift */,
			);
			path = "CoreData Stack";
			sourceTree = "<group>";
		};
		8C11F13B2BE97EBE0048DFD0 /* UserList */ = {
			isa = PBXGroup;
			children = (
				8C11F1372BE97E650048DFD0 /* UserList+CoreDataClass.swift */,
				8C11F1382BE97E650048DFD0 /* UserList+CoreDataProperties.swift */,
			);
			path = UserList;
			sourceTree = "<group>";
		};
/* End PBXGroup section */

/* Begin PBXNativeTarget section */
		8C11F1062BE7BA870048DFD0 /* Project 008. User Database */ = {
			isa = PBXNativeTarget;
			buildConfigurationList = 8C11F11B2BE7BA890048DFD0 /* Build configuration list for PBXNativeTarget "Project 008. User Database" */;
			buildPhases = (
				8C11F1032BE7BA870048DFD0 /* Sources */,
				8C11F1042BE7BA870048DFD0 /* Frameworks */,
				8C11F1052BE7BA870048DFD0 /* Resources */,
			);
			buildRules = (
			);
			dependencies = (
			);
			name = "Project 008. User Database";
			packageProductDependencies = (
				8C11F12B2BE7C71F0048DFD0 /* SnapKit */,
				8C11F12D2BE7C71F0048DFD0 /* SnapKit-Dynamic */,
			);
			productName = "Project 008. User Database";
			productReference = 8C11F1072BE7BA870048DFD0 /* Project 008. User Database.app */;
			productType = "com.apple.product-type.application";
		};
/* End PBXNativeTarget section */

/* Begin PBXProject section */
		8C11F0FF2BE7BA870048DFD0 /* Project object */ = {
			isa = PBXProject;
			attributes = {
				BuildIndependentTargetsInParallel = 1;
				LastSwiftUpdateCheck = 1530;
				LastUpgradeCheck = 1530;
				TargetAttributes = {
					8C11F1062BE7BA870048DFD0 = {
						CreatedOnToolsVersion = 15.3;
					};
				};
			};
			buildConfigurationList = 8C11F1022BE7BA870048DFD0 /* Build configuration list for PBXProject "Project 008. User Database" */;
			compatibilityVersion = "Xcode 14.0";
			developmentRegion = en;
			hasScannedForEncodings = 0;
			knownRegions = (
				en,
				Base,
			);
			mainGroup = 8C11F0FE2BE7BA870048DFD0;
			packageReferences = (
				8C11F12A2BE7C71F0048DFD0 /* XCRemoteSwiftPackageReference "SnapKit" */,
			);
			productRefGroup = 8C11F1082BE7BA870048DFD0 /* Products */;
			projectDirPath = "";
			projectRoot = "";
			targets = (
				8C11F1062BE7BA870048DFD0 /* Project 008. User Database */,
			);
		};
/* End PBXProject section */

/* Begin PBXResourcesBuildPhase section */
		8C11F1052BE7BA870048DFD0 /* Resources */ = {
			isa = PBXResourcesBuildPhase;
			buildActionMask = 2147483647;
			files = (
				8C11F1142BE7BA890048DFD0 /* Assets.xcassets in Resources */,
				8C11F1172BE7BA890048DFD0 /* Base in Resources */,
			);
			runOnlyForDeploymentPostprocessing = 0;
		};
/* End PBXResourcesBuildPhase section */

/* Begin PBXSourcesBuildPhase section */
		8C11F1032BE7BA870048DFD0 /* Sources */ = {
			isa = PBXSourcesBuildPhase;
			buildActionMask = 2147483647;
			files = (
				8C11F1362BE95FBF0048DFD0 /* CoreData Stack.swift in Sources */,
				8C11F1332BE95BA50048DFD0 /* Model.xcdatamodeld in Sources */,
				8C11F10F2BE7BA870048DFD0 /* ViewController.swift in Sources */,
				8C11F10B2BE7BA870048DFD0 /* AppDelegate.swift in Sources */,
				8C11F10D2BE7BA870048DFD0 /* SceneDelegate.swift in Sources */,
				8C11F1302BE835480048DFD0 /* TableViewCell.swift in Sources */,
				8C11F1392BE97E650048DFD0 /* UserList+CoreDataClass.swift in Sources */,
				8C11F13A2BE97E650048DFD0 /* UserList+CoreDataProperties.swift in Sources */,
				8C11F1292BE7C48D0048DFD0 /* Presenter.swift in Sources */,
			);
			runOnlyForDeploymentPostprocessing = 0;
		};
/* End PBXSourcesBuildPhase section */

/* Begin PBXVariantGroup section */
		8C11F1152BE7BA890048DFD0 /* LaunchScreen.storyboard */ = {
			isa = PBXVariantGroup;
			children = (
				8C11F1162BE7BA890048DFD0 /* Base */,
			);
			name = LaunchScreen.storyboard;
			sourceTree = "<group>";
		};
/* End PBXVariantGroup section */

/* Begin XCBuildConfiguration section */
		8C11F1192BE7BA890048DFD0 /* Debug */ = {
			isa = XCBuildConfiguration;
			buildSettings = {
				ALWAYS_SEARCH_USER_PATHS = NO;
				ASSETCATALOG_COMPILER_GENERATE_SWIFT_ASSET_SYMBOL_EXTENSIONS = YES;
				CLANG_ANALYZER_NONNULL = YES;
				CLANG_ANALYZER_NUMBER_OBJECT_CONVERSION = YES_AGGRESSIVE;
				CLANG_CXX_LANGUAGE_STANDARD = "gnu++20";
				CLANG_ENABLE_MODULES = YES;
				CLANG_ENABLE_OBJC_ARC = YES;
				CLANG_ENABLE_OBJC_WEAK = YES;
				CLANG_WARN_BLOCK_CAPTURE_AUTORELEASING = YES;
				CLANG_WARN_BOOL_CONVERSION = YES;
				CLANG_WARN_COMMA = YES;
				CLANG_WARN_CONSTANT_CONVERSION = YES;
				CLANG_WARN_DEPRECATED_OBJC_IMPLEMENTATIONS = YES;
				CLANG_WARN_DIRECT_OBJC_ISA_USAGE = YES_ERROR;
				CLANG_WARN_DOCUMENTATION_COMMENTS = YES;
				CLANG_WARN_EMPTY_BODY = YES;
				CLANG_WARN_ENUM_CONVERSION = YES;
				CLANG_WARN_INFINITE_RECURSION = YES;
				CLANG_WARN_INT_CONVERSION = YES;
				CLANG_WARN_NON_LITERAL_NULL_CONVERSION = YES;
				CLANG_WARN_OBJC_IMPLICIT_RETAIN_SELF = YES;
				CLANG_WARN_OBJC_LITERAL_CONVERSION = YES;
				CLANG_WARN_OBJC_ROOT_CLASS = YES_ERROR;
				CLANG_WARN_QUOTED_INCLUDE_IN_FRAMEWORK_HEADER = YES;
				CLANG_WARN_RANGE_LOOP_ANALYSIS = YES;
				CLANG_WARN_STRICT_PROTOTYPES = YES;
				CLANG_WARN_SUSPICIOUS_MOVE = YES;
				CLANG_WARN_UNGUARDED_AVAILABILITY = YES_AGGRESSIVE;
				CLANG_WARN_UNREACHABLE_CODE = YES;
				CLANG_WARN__DUPLICATE_METHOD_MATCH = YES;
				COPY_PHASE_STRIP = NO;
				DEBUG_INFORMATION_FORMAT = dwarf;
				ENABLE_STRICT_OBJC_MSGSEND = YES;
				ENABLE_TESTABILITY = YES;
				ENABLE_USER_SCRIPT_SANDBOXING = YES;
				GCC_C_LANGUAGE_STANDARD = gnu17;
				GCC_DYNAMIC_NO_PIC = NO;
				GCC_NO_COMMON_BLOCKS = YES;
				GCC_OPTIMIZATION_LEVEL = 0;
				GCC_PREPROCESSOR_DEFINITIONS = (
					"DEBUG=1",
					"$(inherited)",
				);
				GCC_WARN_64_TO_32_BIT_CONVERSION = YES;
				GCC_WARN_ABOUT_RETURN_TYPE = YES_ERROR;
				GCC_WARN_UNDECLARED_SELECTOR = YES;
				GCC_WARN_UNINITIALIZED_AUTOS = YES_AGGRESSIVE;
				GCC_WARN_UNUSED_FUNCTION = YES;
				GCC_WARN_UNUSED_VARIABLE = YES;
				IPHONEOS_DEPLOYMENT_TARGET = 17.4;
				LOCALIZATION_PREFERS_STRING_CATALOGS = YES;
				MTL_ENABLE_DEBUG_INFO = INCLUDE_SOURCE;
				MTL_FAST_MATH = YES;
				ONLY_ACTIVE_ARCH = YES;
				SDKROOT = iphoneos;
				SWIFT_ACTIVE_COMPILATION_CONDITIONS = "DEBUG $(inherited)";
				SWIFT_OPTIMIZATION_LEVEL = "-Onone";
			};
			name = Debug;
		};
		8C11F11A2BE7BA890048DFD0 /* Release */ = {
			isa = XCBuildConfiguration;
			buildSettings = {
				ALWAYS_SEARCH_USER_PATHS = NO;
				ASSETCATALOG_COMPILER_GENERATE_SWIFT_ASSET_SYMBOL_EXTENSIONS = YES;
				CLANG_ANALYZER_NONNULL = YES;
				CLANG_ANALYZER_NUMBER_OBJECT_CONVERSION = YES_AGGRESSIVE;
				CLANG_CXX_LANGUAGE_STANDARD = "gnu++20";
				CLANG_ENABLE_MODULES = YES;
				CLANG_ENABLE_OBJC_ARC = YES;
				CLANG_ENABLE_OBJC_WEAK = YES;
				CLANG_WARN_BLOCK_CAPTURE_AUTORELEASING = YES;
				CLANG_WARN_BOOL_CONVERSION = YES;
				CLANG_WARN_COMMA = YES;
				CLANG_WARN_CONSTANT_CONVERSION = YES;
				CLANG_WARN_DEPRECATED_OBJC_IMPLEMENTATIONS = YES;
				CLANG_WARN_DIRECT_OBJC_ISA_USAGE = YES_ERROR;
				CLANG_WARN_DOCUMENTATION_COMMENTS = YES;
				CLANG_WARN_EMPTY_BODY = YES;
				CLANG_WARN_ENUM_CONVERSION = YES;
				CLANG_WARN_INFINITE_RECURSION = YES;
				CLANG_WARN_INT_CONVERSION = YES;
				CLANG_WARN_NON_LITERAL_NULL_CONVERSION = YES;
				CLANG_WARN_OBJC_IMPLICIT_RETAIN_SELF = YES;
				CLANG_WARN_OBJC_LITERAL_CONVERSION = YES;
				CLANG_WARN_OBJC_ROOT_CLASS = YES_ERROR;
				CLANG_WARN_QUOTED_INCLUDE_IN_FRAMEWORK_HEADER = YES;
				CLANG_WARN_RANGE_LOOP_ANALYSIS = YES;
				CLANG_WARN_STRICT_PROTOTYPES = YES;
				CLANG_WARN_SUSPICIOUS_MOVE = YES;
				CLANG_WARN_UNGUARDED_AVAILABILITY = YES_AGGRESSIVE;
				CLANG_WARN_UNREACHABLE_CODE = YES;
				CLANG_WARN__DUPLICATE_METHOD_MATCH = YES;
				COPY_PHASE_STRIP = NO;
				DEBUG_INFORMATION_FORMAT = "dwarf-with-dsym";
				ENABLE_NS_ASSERTIONS = NO;
				ENABLE_STRICT_OBJC_MSGSEND = YES;
				ENABLE_USER_SCRIPT_SANDBOXING = YES;
				GCC_C_LANGUAGE_STANDARD = gnu17;
				GCC_NO_COMMON_BLOCKS = YES;
				GCC_WARN_64_TO_32_BIT_CONVERSION = YES;
				GCC_WARN_ABOUT_RETURN_TYPE = YES_ERROR;
				GCC_WARN_UNDECLARED_SELECTOR = YES;
				GCC_WARN_UNINITIALIZED_AUTOS = YES_AGGRESSIVE;
				GCC_WARN_UNUSED_FUNCTION = YES;
				GCC_WARN_UNUSED_VARIABLE = YES;
				IPHONEOS_DEPLOYMENT_TARGET = 17.4;
				LOCALIZATION_PREFERS_STRING_CATALOGS = YES;
				MTL_ENABLE_DEBUG_INFO = NO;
				MTL_FAST_MATH = YES;
				SDKROOT = iphoneos;
				SWIFT_COMPILATION_MODE = wholemodule;
				VALIDATE_PRODUCT = YES;
			};
			name = Release;
		};
		8C11F11C2BE7BA890048DFD0 /* Debug */ = {
			isa = XCBuildConfiguration;
			buildSettings = {
				ASSETCATALOG_COMPILER_APPICON_NAME = AppIcon;
				ASSETCATALOG_COMPILER_GLOBAL_ACCENT_COLOR_NAME = AccentColor;
				CODE_SIGN_STYLE = Automatic;
				CURRENT_PROJECT_VERSION = 1;
				GENERATE_INFOPLIST_FILE = YES;
				INFOPLIST_FILE = "Project 008. User Database/Resources/Info.plist";
				INFOPLIST_KEY_UIApplicationSupportsIndirectInputEvents = YES;
				INFOPLIST_KEY_UILaunchStoryboardName = LaunchScreen;
				INFOPLIST_KEY_UISupportedInterfaceOrientations_iPad = "UIInterfaceOrientationPortrait UIInterfaceOrientationPortraitUpsideDown";
				INFOPLIST_KEY_UISupportedInterfaceOrientations_iPhone = "UIInterfaceOrientationPortrait UIInterfaceOrientationLandscapeLeft UIInterfaceOrientationLandscapeRight";
				LD_RUNPATH_SEARCH_PATHS = (
					"$(inherited)",
					"@executable_path/Frameworks",
				);
				MARKETING_VERSION = 1.0;
				PRODUCT_BUNDLE_IDENTIFIER = "myProject.Project-008--User-Database";
				PRODUCT_NAME = "$(TARGET_NAME)";
				SWIFT_EMIT_LOC_STRINGS = YES;
				SWIFT_VERSION = 5.0;
				TARGETED_DEVICE_FAMILY = "1,2";
			};
			name = Debug;
		};
		8C11F11D2BE7BA890048DFD0 /* Release */ = {
			isa = XCBuildConfiguration;
			buildSettings = {
				ASSETCATALOG_COMPILER_APPICON_NAME = AppIcon;
				ASSETCATALOG_COMPILER_GLOBAL_ACCENT_COLOR_NAME = AccentColor;
				CODE_SIGN_STYLE = Automatic;
				CURRENT_PROJECT_VERSION = 1;
				GENERATE_INFOPLIST_FILE = YES;
				INFOPLIST_FILE = "Project 008. User Database/Resources/Info.plist";
				INFOPLIST_KEY_UIApplicationSupportsIndirectInputEvents = YES;
				INFOPLIST_KEY_UILaunchStoryboardName = LaunchScreen;
				INFOPLIST_KEY_UISupportedInterfaceOrientations_iPad = "UIInterfaceOrientationPortrait UIInterfaceOrientationPortraitUpsideDown";
				INFOPLIST_KEY_UISupportedInterfaceOrientations_iPhone = "UIInterfaceOrientationPortrait UIInterfaceOrientationLandscapeLeft UIInterfaceOrientationLandscapeRight";
				LD_RUNPATH_SEARCH_PATHS = (
					"$(inherited)",
					"@executable_path/Frameworks",
				);
				MARKETING_VERSION = 1.0;
				PRODUCT_BUNDLE_IDENTIFIER = "myProject.Project-008--User-Database";
				PRODUCT_NAME = "$(TARGET_NAME)";
				SWIFT_EMIT_LOC_STRINGS = YES;
				SWIFT_VERSION = 5.0;
				TARGETED_DEVICE_FAMILY = "1,2";
			};
			name = Release;
		};
/* End XCBuildConfiguration section */

/* Begin XCConfigurationList section */
		8C11F1022BE7BA870048DFD0 /* Build configuration list for PBXProject "Project 008. User Database" */ = {
			isa = XCConfigurationList;
			buildConfigurations = (
				8C11F1192BE7BA890048DFD0 /* Debug */,
				8C11F11A2BE7BA890048DFD0 /* Release */,
			);
			defaultConfigurationIsVisible = 0;
			defaultConfigurationName = Release;
		};
		8C11F11B2BE7BA890048DFD0 /* Build configuration list for PBXNativeTarget "Project 008. User Database" */ = {
			isa = XCConfigurationList;
			buildConfigurations = (
				8C11F11C2BE7BA890048DFD0 /* Debug */,
				8C11F11D2BE7BA890048DFD0 /* Release */,
			);
			defaultConfigurationIsVisible = 0;
			defaultConfigurationName = Release;
		};
/* End XCConfigurationList section */

/* Begin XCRemoteSwiftPackageReference section */
		8C11F12A2BE7C71F0048DFD0 /* XCRemoteSwiftPackageReference "SnapKit" */ = {
			isa = XCRemoteSwiftPackageReference;
			repositoryURL = "https://github.com/SnapKit/SnapKit.git";
			requirement = {
				kind = upToNextMajorVersion;
				minimumVersion = 5.7.1;
			};
		};
/* End XCRemoteSwiftPackageReference section */

/* Begin XCSwiftPackageProductDependency section */
		8C11F12B2BE7C71F0048DFD0 /* SnapKit */ = {
			isa = XCSwiftPackageProductDependency;
			package = 8C11F12A2BE7C71F0048DFD0 /* XCRemoteSwiftPackageReference "SnapKit" */;
			productName = SnapKit;
		};
		8C11F12D2BE7C71F0048DFD0 /* SnapKit-Dynamic */ = {
			isa = XCSwiftPackageProductDependency;
			package = 8C11F12A2BE7C71F0048DFD0 /* XCRemoteSwiftPackageReference "SnapKit" */;
			productName = "SnapKit-Dynamic";
		};
/* End XCSwiftPackageProductDependency section */

/* Begin XCVersionGroup section */
		8C11F1312BE95BA40048DFD0 /* Model.xcdatamodeld */ = {
			isa = XCVersionGroup;
			children = (
				8C11F1322BE95BA50048DFD0 /* Model001.xcdatamodel */,
			);
			currentVersion = 8C11F1322BE95BA50048DFD0 /* Model001.xcdatamodel */;
			path = Model.xcdatamodeld;
			sourceTree = "<group>";
			versionGroupType = wrapper.xcdatamodel;
		};
/* End XCVersionGroup section */
	};
	rootObject = 8C11F0FF2BE7BA870048DFD0 /* Project object */;
}
